
Microsoft Visual Studio Solution File, Format Version 12.00
Project("{FAE04EC0-301F-11D3-BF4B-00C04F79EFBC}") = "ElMaAPI", "ElMaAPI.csproj", "{10CF257A-5A63-426B-B8A8-07CFEE81AF3C}"
EndProject
Global
	GlobalSection(SolutionConfigurationPlatforms) = preSolution
		Debug|Any CPU = Debug|Any CPU
		Release|Any CPU = Release|Any CPU
	EndGlobalSection
	GlobalSection(ProjectConfigurationPlatforms) = postSolution
		{10CF257A-5A63-426B-B8A8-07CFEE81AF3C}.Debug|Any CPU.ActiveCfg = Debug|Any CPU
		{10CF257A-5A63-426B-B8A8-07CFEE81AF3C}.Debug|Any CPU.Build.0 = Debug|Any CPU
		{10CF257A-5A63-426B-B8A8-07CFEE81AF3C}.Release|Any CPU.ActiveCfg = Release|Any CPU
		{10CF257A-5A63-426B-B8A8-07CFEE81AF3C}.Release|Any CPU.Build.0 = Release|Any CPU
	EndGlobalSection
EndGlobal
